
Microsoft Visual Studio Solution File, Format Version 12.00
# Visual Studio Version 17
VisualStudioVersion = 17.1.32319.34
MinimumVisualStudioVersion = 10.0.40219.1
Project("{9A19103F-16F7-4668-BE54-9A1E7A4F7556}") = "PRN_SE1623_PRO", "PRN_SE1623_PRO\PRN_SE1623_PRO.csproj", "{54B62D6D-5F7E-4F82-B430-1786C9E3E406}"
EndProject
Project("{FAE04EC0-301F-11D3-BF4B-00C04F79EFBC}") = "PRN_SE1623_OOP", "PRN_SE1623_OOP\PRN_SE1623_OOP.csproj", "{7EC7F73A-84C2-483B-ACFC-A2A2E97CA9DD}"
EndProject
Global
	GlobalSection(SolutionConfigurationPlatforms) = preSolution
		Debug|Any CPU = Debug|Any CPU
		Release|Any CPU = Release|Any CPU
	EndGlobalSection
	GlobalSection(ProjectConfigurationPlatforms) = postSolution
		{54B62D6D-5F7E-4F82-B430-1786C9E3E406}.Debug|Any CPU.ActiveCfg = Debug|Any CPU
		{54B62D6D-5F7E-4F82-B430-1786C9E3E406}.Debug|Any CPU.Build.0 = Debug|Any CPU
		{54B62D6D-5F7E-4F82-B430-1786C9E3E406}.Release|Any CPU.ActiveCfg = Release|Any CPU
		{54B62D6D-5F7E-4F82-B430-1786C9E3E406}.Release|Any CPU.Build.0 = Release|Any CPU
		{7EC7F73A-84C2-483B-ACFC-A2A2E97CA9DD}.Debug|Any CPU.ActiveCfg = Debug|Any CPU
		{7EC7F73A-84C2-483B-ACFC-A2A2E97CA9DD}.Debug|Any CPU.Build.0 = Debug|Any CPU
		{7EC7F73A-84C2-483B-ACFC-A2A2E97CA9DD}.Release|Any CPU.ActiveCfg = Release|Any CPU
		{7EC7F73A-84C2-483B-ACFC-A2A2E97CA9DD}.Release|Any CPU.Build.0 = Release|Any CPU
	EndGlobalSection
	GlobalSection(SolutionProperties) = preSolution
		HideSolutionNode = FALSE
	EndGlobalSection
	GlobalSection(ExtensibilityGlobals) = postSolution
		SolutionGuid = {E6FFB98A-ACC1-4E64-B334-6AB9ED065B23}
	EndGlobalSection
EndGlobal
